
Microsoft Visual Studio Solution File, Format Version 12.00
# Visual Studio Version 17
VisualStudioVersion = 17.4.32804.182
MinimumVisualStudioVersion = 10.0.40219.1
Project("{9A19103F-16F7-4668-BE54-9A1E7A4F7556}") = "MyApprovalsHub", "MyApprovalsHub\MyApprovalsHub.csproj", "{7A481FCA-11FA-4BA8-AB9B-498085A0E45A}"
EndProject
Project("{9A19103F-16F7-4668-BE54-9A1E7A4F7556}") = "MyApprovalsHub.Bot", "MyApprovalsHub.Bot\MyApprovalsHub.Bot.csproj", "{43DA092A-A6D3-470C-A7D6-A569E9F05F6A}"
EndProject
Global
	GlobalSection(SolutionConfigurationPlatforms) = preSolution
		Debug|Any CPU = Debug|Any CPU
		Release|Any CPU = Release|Any CPU
	EndGlobalSection
	GlobalSection(ProjectConfigurationPlatforms) = postSolution
		{7A481FCA-11FA-4BA8-AB9B-498085A0E45A}.Debug|Any CPU.ActiveCfg = Debug|Any CPU
		{7A481FCA-11FA-4BA8-AB9B-498085A0E45A}.Debug|Any CPU.Build.0 = Debug|Any CPU
		{7A481FCA-11FA-4BA8-AB9B-498085A0E45A}.Debug|Any CPU.Deploy.0 = Debug|Any CPU
		{7A481FCA-11FA-4BA8-AB9B-498085A0E45A}.Release|Any CPU.ActiveCfg = Release|Any CPU
		{7A481FCA-11FA-4BA8-AB9B-498085A0E45A}.Release|Any CPU.Build.0 = Release|Any CPU
		{7A481FCA-11FA-4BA8-AB9B-498085A0E45A}.Release|Any CPU.Deploy.0 = Release|Any CPU
		{43DA092A-A6D3-470C-A7D6-A569E9F05F6A}.Debug|Any CPU.ActiveCfg = Debug|Any CPU
		{43DA092A-A6D3-470C-A7D6-A569E9F05F6A}.Debug|Any CPU.Build.0 = Debug|Any CPU
		{43DA092A-A6D3-470C-A7D6-A569E9F05F6A}.Debug|Any CPU.Deploy.0 = Debug|Any CPU
		{43DA092A-A6D3-470C-A7D6-A569E9F05F6A}.Release|Any CPU.ActiveCfg = Release|Any CPU
		{43DA092A-A6D3-470C-A7D6-A569E9F05F6A}.Release|Any CPU.Build.0 = Release|Any CPU
		{43DA092A-A6D3-470C-A7D6-A569E9F05F6A}.Release|Any CPU.Deploy.0 = Release|Any CPU
	EndGlobalSection
	GlobalSection(SolutionProperties) = preSolution
		HideSolutionNode = FALSE
	EndGlobalSection
	GlobalSection(ExtensibilityGlobals) = postSolution
		SolutionGuid = {BAC43924-DC0F-4C93-BC25-A9B9564BAB00}
	EndGlobalSection
EndGlobal
